
Microsoft Visual Studio Solution File, Format Version 12.00
# Visual Studio Version 17
VisualStudioVersion = 17.8.34408.163
MinimumVisualStudioVersion = 10.0.40219.1
Project("{8BC9CEB8-8B4A-11D0-8D11-00A0C91BC942}") = "分支循环类型（3）", "分支循环类型（3）.vcxproj", "{D41AB34C-E989-45E8-AF3D-C49CDEB7FD1C}"
EndProject
Global
	GlobalSection(SolutionConfigurationPlatforms) = preSolution
		Debug|x64 = Debug|x64
		Debug|x86 = Debug|x86
		Release|x64 = Release|x64
		Release|x86 = Release|x86
	EndGlobalSection
	GlobalSection(ProjectConfigurationPlatforms) = postSolution
		{D41AB34C-E989-45E8-AF3D-C49CDEB7FD1C}.Debug|x64.ActiveCfg = Debug|x64
		{D41AB34C-E989-45E8-AF3D-C49CDEB7FD1C}.Debug|x64.Build.0 = Debug|x64
		{D41AB34C-E989-45E8-AF3D-C49CDEB7FD1C}.Debug|x86.ActiveCfg = Debug|Win32
		{D41AB34C-E989-45E8-AF3D-C49CDEB7FD1C}.Debug|x86.Build.0 = Debug|Win32
		{D41AB34C-E989-45E8-AF3D-C49CDEB7FD1C}.Release|x64.ActiveCfg = Release|x64
		{D41AB34C-E989-45E8-AF3D-C49CDEB7FD1C}.Release|x64.Build.0 = Release|x64
		{D41AB34C-E989-45E8-AF3D-C49CDEB7FD1C}.Release|x86.ActiveCfg = Release|Win32
		{D41AB34C-E989-45E8-AF3D-C49CDEB7FD1C}.Release|x86.Build.0 = Release|Win32
	EndGlobalSection
	GlobalSection(SolutionProperties) = preSolution
		HideSolutionNode = FALSE
	EndGlobalSection
	GlobalSection(ExtensibilityGlobals) = postSolution
		SolutionGuid = {570B8665-3FF2-4A98-BE30-AED8EAE47DBF}
	EndGlobalSection
EndGlobal
